// !$*UTF8*$!
{
	archiveVersion = 1;
	classes = {
	};
	objectVersion = 51;
	objects = {

/* Begin PBXBuildFile section */
		4377363C09C07791D27C886A /* Pods_GitHubClientSwiftTests.framework in Frameworks */ = {isa = PBXBuildFile; fileRef = E577AF50E9EC0A3C9A833EC0 /* Pods_GitHubClientSwiftTests.framework */; };
		62A2B06222F27226005B5DD6 /* Coordinator.swift in Sources */ = {isa = PBXBuildFile; fileRef = 62A2B06122F27226005B5DD6 /* Coordinator.swift */; };
		62D8ABFA22FA7B81000A5CDE /* HomeView.xib in Resources */ = {isa = PBXBuildFile; fileRef = 62D8ABF922FA7B81000A5CDE /* HomeView.xib */; };
		67E2CA066A82FD2152881497 /* Pods_GitHubClientSwiftUITests.framework in Frameworks */ = {isa = PBXBuildFile; fileRef = BBFFCFA6AD05F41C3970D37C /* Pods_GitHubClientSwiftUITests.framework */; };
		7907109822F26FDF009B6931 /* AppCoordinator.swift in Sources */ = {isa = PBXBuildFile; fileRef = 7907109722F26FDF009B6931 /* AppCoordinator.swift */; };
		7907109A22F27007009B6931 /* FetchRepositoriesCoordinator.swift in Sources */ = {isa = PBXBuildFile; fileRef = 7907109922F27007009B6931 /* FetchRepositoriesCoordinator.swift */; };
		790B52C122FA8212009E901D /* FetchRepositoriesTest.swift in Sources */ = {isa = PBXBuildFile; fileRef = 790B52C022FA8212009E901D /* FetchRepositoriesTest.swift */; };
		790B52C322FA8824009E901D /* UINavigationControllerMock.swift in Sources */ = {isa = PBXBuildFile; fileRef = 790B52C222FA8824009E901D /* UINavigationControllerMock.swift */; };
		790B52C522FA88B7009E901D /* AppCoordinatorTest.swift in Sources */ = {isa = PBXBuildFile; fileRef = 790B52C422FA88B7009E901D /* AppCoordinatorTest.swift */; };
		7989E11622F26D0C0002B6E3 /* AppDelegate.swift in Sources */ = {isa = PBXBuildFile; fileRef = 7989E11522F26D0C0002B6E3 /* AppDelegate.swift */; };
		7989E11822F26D0C0002B6E3 /* HomeViewController.swift in Sources */ = {isa = PBXBuildFile; fileRef = 7989E11722F26D0C0002B6E3 /* HomeViewController.swift */; };
		7989E11D22F26D0D0002B6E3 /* Assets.xcassets in Resources */ = {isa = PBXBuildFile; fileRef = 7989E11C22F26D0D0002B6E3 /* Assets.xcassets */; };
		7989E12022F26D0D0002B6E3 /* LaunchScreen.storyboard in Resources */ = {isa = PBXBuildFile; fileRef = 7989E11E22F26D0D0002B6E3 /* LaunchScreen.storyboard */; };
		7989E13622F26D0E0002B6E3 /* GitHubClientSwiftUITests.swift in Sources */ = {isa = PBXBuildFile; fileRef = 7989E13522F26D0E0002B6E3 /* GitHubClientSwiftUITests.swift */; };
		E5338CF8D57B8DF339F27FA2 /* Pods_GitHubClientSwift.framework in Frameworks */ = {isa = PBXBuildFile; fileRef = 64331BDF4D68684A3C9ED0E2 /* Pods_GitHubClientSwift.framework */; };
/* End PBXBuildFile section */

/* Begin PBXContainerItemProxy section */
		7989E12722F26D0E0002B6E3 /* PBXContainerItemProxy */ = {
			isa = PBXContainerItemProxy;
			containerPortal = 7989E10A22F26D0C0002B6E3 /* Project object */;
			proxyType = 1;
			remoteGlobalIDString = 7989E11122F26D0C0002B6E3;
			remoteInfo = GitHubClientSwift;
		};
		7989E13222F26D0E0002B6E3 /* PBXContainerItemProxy */ = {
			isa = PBXContainerItemProxy;
			containerPortal = 7989E10A22F26D0C0002B6E3 /* Project object */;
			proxyType = 1;
			remoteGlobalIDString = 7989E11122F26D0C0002B6E3;
			remoteInfo = GitHubClientSwift;
		};
/* End PBXContainerItemProxy section */

/* Begin PBXFileReference section */
		0A074E135A4C29D254C56802 /* Pods-GitHubClientSwift.release.xcconfig */ = {isa = PBXFileReference; includeInIndex = 1; lastKnownFileType = text.xcconfig; name = "Pods-GitHubClientSwift.release.xcconfig"; path = "Target Support Files/Pods-GitHubClientSwift/Pods-GitHubClientSwift.release.xcconfig"; sourceTree = "<group>"; };
		1A6E372D9470F0967BE7C5FC /* Pods-GitHubClientSwiftTests.release.xcconfig */ = {isa = PBXFileReference; includeInIndex = 1; lastKnownFileType = text.xcconfig; name = "Pods-GitHubClientSwiftTests.release.xcconfig"; path = "Target Support Files/Pods-GitHubClientSwiftTests/Pods-GitHubClientSwiftTests.release.xcconfig"; sourceTree = "<group>"; };
		433B4069B74B86CDF8C357C4 /* Pods-GitHubClientSwift.debug.xcconfig */ = {isa = PBXFileReference; includeInIndex = 1; lastKnownFileType = text.xcconfig; name = "Pods-GitHubClientSwift.debug.xcconfig"; path = "Target Support Files/Pods-GitHubClientSwift/Pods-GitHubClientSwift.debug.xcconfig"; sourceTree = "<group>"; };
		62A2B06122F27226005B5DD6 /* Coordinator.swift */ = {isa = PBXFileReference; lastKnownFileType = sourcecode.swift; path = Coordinator.swift; sourceTree = "<group>"; };
		62D8ABF922FA7B81000A5CDE /* HomeView.xib */ = {isa = PBXFileReference; lastKnownFileType = file.xib; path = HomeView.xib; sourceTree = "<group>"; };
		64331BDF4D68684A3C9ED0E2 /* Pods_GitHubClientSwift.framework */ = {isa = PBXFileReference; explicitFileType = wrapper.framework; includeInIndex = 0; path = Pods_GitHubClientSwift.framework; sourceTree = BUILT_PRODUCTS_DIR; };
		7907109722F26FDF009B6931 /* AppCoordinator.swift */ = {isa = PBXFileReference; lastKnownFileType = sourcecode.swift; path = AppCoordinator.swift; sourceTree = "<group>"; };
		7907109922F27007009B6931 /* FetchRepositoriesCoordinator.swift */ = {isa = PBXFileReference; lastKnownFileType = sourcecode.swift; path = FetchRepositoriesCoordinator.swift; sourceTree = "<group>"; };
		790B52C022FA8212009E901D /* FetchRepositoriesTest.swift */ = {isa = PBXFileReference; lastKnownFileType = sourcecode.swift; path = FetchRepositoriesTest.swift; sourceTree = "<group>"; };
		790B52C222FA8824009E901D /* UINavigationControllerMock.swift */ = {isa = PBXFileReference; lastKnownFileType = sourcecode.swift; path = UINavigationControllerMock.swift; sourceTree = "<group>"; };
		790B52C422FA88B7009E901D /* AppCoordinatorTest.swift */ = {isa = PBXFileReference; lastKnownFileType = sourcecode.swift; path = AppCoordinatorTest.swift; sourceTree = "<group>"; };
		7989E11222F26D0C0002B6E3 /* GitHubClientSwift.app */ = {isa = PBXFileReference; explicitFileType = wrapper.application; includeInIndex = 0; path = GitHubClientSwift.app; sourceTree = BUILT_PRODUCTS_DIR; };
		7989E11522F26D0C0002B6E3 /* AppDelegate.swift */ = {isa = PBXFileReference; lastKnownFileType = sourcecode.swift; path = AppDelegate.swift; sourceTree = "<group>"; };
		7989E11722F26D0C0002B6E3 /* HomeViewController.swift */ = {isa = PBXFileReference; lastKnownFileType = sourcecode.swift; path = HomeViewController.swift; sourceTree = "<group>"; };
		7989E11C22F26D0D0002B6E3 /* Assets.xcassets */ = {isa = PBXFileReference; lastKnownFileType = folder.assetcatalog; path = Assets.xcassets; sourceTree = "<group>"; };
		7989E11F22F26D0D0002B6E3 /* Base */ = {isa = PBXFileReference; lastKnownFileType = file.storyboard; name = Base; path = Base.lproj/LaunchScreen.storyboard; sourceTree = "<group>"; };
		7989E12122F26D0D0002B6E3 /* Info.plist */ = {isa = PBXFileReference; lastKnownFileType = text.plist.xml; path = Info.plist; sourceTree = "<group>"; };
		7989E12622F26D0E0002B6E3 /* GitHubClientSwiftTests.xctest */ = {isa = PBXFileReference; explicitFileType = wrapper.cfbundle; includeInIndex = 0; path = GitHubClientSwiftTests.xctest; sourceTree = BUILT_PRODUCTS_DIR; };
		7989E12C22F26D0E0002B6E3 /* Info.plist */ = {isa = PBXFileReference; lastKnownFileType = text.plist.xml; path = Info.plist; sourceTree = "<group>"; };
		7989E13122F26D0E0002B6E3 /* GitHubClientSwiftUITests.xctest */ = {isa = PBXFileReference; explicitFileType = wrapper.cfbundle; includeInIndex = 0; path = GitHubClientSwiftUITests.xctest; sourceTree = BUILT_PRODUCTS_DIR; };
		7989E13522F26D0E0002B6E3 /* GitHubClientSwiftUITests.swift */ = {isa = PBXFileReference; lastKnownFileType = sourcecode.swift; path = GitHubClientSwiftUITests.swift; sourceTree = "<group>"; };
		7989E13722F26D0E0002B6E3 /* Info.plist */ = {isa = PBXFileReference; lastKnownFileType = text.plist.xml; path = Info.plist; sourceTree = "<group>"; };
		B2E36A3F43691C87949D7502 /* Pods-GitHubClientSwiftUITests.debug.xcconfig */ = {isa = PBXFileReference; includeInIndex = 1; lastKnownFileType = text.xcconfig; name = "Pods-GitHubClientSwiftUITests.debug.xcconfig"; path = "Target Support Files/Pods-GitHubClientSwiftUITests/Pods-GitHubClientSwiftUITests.debug.xcconfig"; sourceTree = "<group>"; };
		BBFFCFA6AD05F41C3970D37C /* Pods_GitHubClientSwiftUITests.framework */ = {isa = PBXFileReference; explicitFileType = wrapper.framework; includeInIndex = 0; path = Pods_GitHubClientSwiftUITests.framework; sourceTree = BUILT_PRODUCTS_DIR; };
		E577AF50E9EC0A3C9A833EC0 /* Pods_GitHubClientSwiftTests.framework */ = {isa = PBXFileReference; explicitFileType = wrapper.framework; includeInIndex = 0; path = Pods_GitHubClientSwiftTests.framework; sourceTree = BUILT_PRODUCTS_DIR; };
		E75D6D59406B72A8B748C524 /* Pods-GitHubClientSwiftTests.debug.xcconfig */ = {isa = PBXFileReference; includeInIndex = 1; lastKnownFileType = text.xcconfig; name = "Pods-GitHubClientSwiftTests.debug.xcconfig"; path = "Target Support Files/Pods-GitHubClientSwiftTests/Pods-GitHubClientSwiftTests.debug.xcconfig"; sourceTree = "<group>"; };
		E97E1E45B97F559EA302E0A4 /* Pods-GitHubClientSwiftUITests.release.xcconfig */ = {isa = PBXFileReference; includeInIndex = 1; lastKnownFileType = text.xcconfig; name = "Pods-GitHubClientSwiftUITests.release.xcconfig"; path = "Target Support Files/Pods-GitHubClientSwiftUITests/Pods-GitHubClientSwiftUITests.release.xcconfig"; sourceTree = "<group>"; };
/* End PBXFileReference section */

/* Begin PBXFrameworksBuildPhase section */
		7989E10F22F26D0C0002B6E3 /* Frameworks */ = {
			isa = PBXFrameworksBuildPhase;
			buildActionMask = 2147483647;
			files = (
				E5338CF8D57B8DF339F27FA2 /* Pods_GitHubClientSwift.framework in Frameworks */,
			);
			runOnlyForDeploymentPostprocessing = 0;
		};
		7989E12322F26D0E0002B6E3 /* Frameworks */ = {
			isa = PBXFrameworksBuildPhase;
			buildActionMask = 2147483647;
			files = (
				4377363C09C07791D27C886A /* Pods_GitHubClientSwiftTests.framework in Frameworks */,
			);
			runOnlyForDeploymentPostprocessing = 0;
		};
		7989E12E22F26D0E0002B6E3 /* Frameworks */ = {
			isa = PBXFrameworksBuildPhase;
			buildActionMask = 2147483647;
			files = (
				67E2CA066A82FD2152881497 /* Pods_GitHubClientSwiftUITests.framework in Frameworks */,
			);
			runOnlyForDeploymentPostprocessing = 0;
		};
/* End PBXFrameworksBuildPhase section */

/* Begin PBXGroup section */
		0FD848E8AE180AA8BB1E8782 /* Pods */ = {
			isa = PBXGroup;
			children = (
				433B4069B74B86CDF8C357C4 /* Pods-GitHubClientSwift.debug.xcconfig */,
				0A074E135A4C29D254C56802 /* Pods-GitHubClientSwift.release.xcconfig */,
				E75D6D59406B72A8B748C524 /* Pods-GitHubClientSwiftTests.debug.xcconfig */,
				1A6E372D9470F0967BE7C5FC /* Pods-GitHubClientSwiftTests.release.xcconfig */,
				B2E36A3F43691C87949D7502 /* Pods-GitHubClientSwiftUITests.debug.xcconfig */,
				E97E1E45B97F559EA302E0A4 /* Pods-GitHubClientSwiftUITests.release.xcconfig */,
			);
			path = Pods;
			sourceTree = "<group>";
		};
		258C302ADE653AB8FA3A9BAB /* Frameworks */ = {
			isa = PBXGroup;
			children = (
				64331BDF4D68684A3C9ED0E2 /* Pods_GitHubClientSwift.framework */,
				E577AF50E9EC0A3C9A833EC0 /* Pods_GitHubClientSwiftTests.framework */,
				BBFFCFA6AD05F41C3970D37C /* Pods_GitHubClientSwiftUITests.framework */,
			);
			name = Frameworks;
			sourceTree = "<group>";
		};
		62D8ABF722FA7ACB000A5CDE /* presenter */ = {
			isa = PBXGroup;
			children = (
				7907109B22F2703F009B6931 /* coordinator */,
				62D8ABF822FA7B18000A5CDE /* scene */,
			);
			path = presenter;
			sourceTree = "<group>";
		};
		62D8ABF822FA7B18000A5CDE /* scene */ = {
			isa = PBXGroup;
			children = (
				7989E11722F26D0C0002B6E3 /* HomeViewController.swift */,
				62D8ABF922FA7B81000A5CDE /* HomeView.xib */,
			);
			path = scene;
			sourceTree = "<group>";
		};
		7907109B22F2703F009B6931 /* coordinator */ = {
			isa = PBXGroup;
			children = (
				7907109722F26FDF009B6931 /* AppCoordinator.swift */,
				7907109922F27007009B6931 /* FetchRepositoriesCoordinator.swift */,
				62A2B06122F27226005B5DD6 /* Coordinator.swift */,
			);
			path = coordinator;
			sourceTree = "<group>";
		};
		790B52BE22FA81E4009E901D /* presenter */ = {
			isa = PBXGroup;
			children = (
				790B52BF22FA81F2009E901D /* coordinator */,
				790B52C222FA8824009E901D /* UINavigationControllerMock.swift */,
			);
			path = presenter;
			sourceTree = "<group>";
		};
		790B52BF22FA81F2009E901D /* coordinator */ = {
			isa = PBXGroup;
			children = (
				790B52C022FA8212009E901D /* FetchRepositoriesTest.swift */,
				790B52C422FA88B7009E901D /* AppCoordinatorTest.swift */,
			);
			path = coordinator;
			sourceTree = "<group>";
		};
		7989E10922F26D0C0002B6E3 = {
			isa = PBXGroup;
			children = (
				7989E11422F26D0C0002B6E3 /* GitHubClientSwift */,
				7989E12922F26D0E0002B6E3 /* GitHubClientSwiftTests */,
				7989E13422F26D0E0002B6E3 /* GitHubClientSwiftUITests */,
				7989E11322F26D0C0002B6E3 /* Products */,
				0FD848E8AE180AA8BB1E8782 /* Pods */,
				258C302ADE653AB8FA3A9BAB /* Frameworks */,
			);
			sourceTree = "<group>";
		};
		7989E11322F26D0C0002B6E3 /* Products */ = {
			isa = PBXGroup;
			children = (
				7989E11222F26D0C0002B6E3 /* GitHubClientSwift.app */,
				7989E12622F26D0E0002B6E3 /* GitHubClientSwiftTests.xctest */,
				7989E13122F26D0E0002B6E3 /* GitHubClientSwiftUITests.xctest */,
			);
			name = Products;
			sourceTree = "<group>";
		};
		7989E11422F26D0C0002B6E3 /* GitHubClientSwift */ = {
			isa = PBXGroup;
			children = (
				62D8ABF722FA7ACB000A5CDE /* presenter */,
				7989E11522F26D0C0002B6E3 /* AppDelegate.swift */,
				7989E11C22F26D0D0002B6E3 /* Assets.xcassets */,
				7989E11E22F26D0D0002B6E3 /* LaunchScreen.storyboard */,
				7989E12122F26D0D0002B6E3 /* Info.plist */,
			);
			path = GitHubClientSwift;
			sourceTree = "<group>";
		};
		7989E12922F26D0E0002B6E3 /* GitHubClientSwiftTests */ = {
			isa = PBXGroup;
			children = (
				790B52BE22FA81E4009E901D /* presenter */,
				7989E12C22F26D0E0002B6E3 /* Info.plist */,
			);
			path = GitHubClientSwiftTests;
			sourceTree = "<group>";
		};
		7989E13422F26D0E0002B6E3 /* GitHubClientSwiftUITests */ = {
			isa = PBXGroup;
			children = (
				7989E13522F26D0E0002B6E3 /* GitHubClientSwiftUITests.swift */,
				7989E13722F26D0E0002B6E3 /* Info.plist */,
			);
			path = GitHubClientSwiftUITests;
			sourceTree = "<group>";
		};
/* End PBXGroup section */

/* Begin PBXNativeTarget section */
		7989E11122F26D0C0002B6E3 /* GitHubClientSwift */ = {
			isa = PBXNativeTarget;
			buildConfigurationList = 7989E13A22F26D0E0002B6E3 /* Build configuration list for PBXNativeTarget "GitHubClientSwift" */;
			buildPhases = (
				29A4275EAAAF0ADC633D0A84 /* [CP] Check Pods Manifest.lock */,
				7989E10E22F26D0C0002B6E3 /* Sources */,
				7989E10F22F26D0C0002B6E3 /* Frameworks */,
				7989E11022F26D0C0002B6E3 /* Resources */,
				B0261A8568F6E6848780EB55 /* [CP] Embed Pods Frameworks */,
			);
			buildRules = (
			);
			dependencies = (
			);
			name = GitHubClientSwift;
			productName = GitHubClientSwift;
			productReference = 7989E11222F26D0C0002B6E3 /* GitHubClientSwift.app */;
			productType = "com.apple.product-type.application";
		};
		7989E12522F26D0E0002B6E3 /* GitHubClientSwiftTests */ = {
			isa = PBXNativeTarget;
			buildConfigurationList = 7989E13D22F26D0E0002B6E3 /* Build configuration list for PBXNativeTarget "GitHubClientSwiftTests" */;
			buildPhases = (
				6E07749C6FE10A32838F62DF /* [CP] Check Pods Manifest.lock */,
				7989E12222F26D0E0002B6E3 /* Sources */,
				7989E12322F26D0E0002B6E3 /* Frameworks */,
				7989E12422F26D0E0002B6E3 /* Resources */,
				50A8C0B3E8638F26114CA99B /* [CP] Embed Pods Frameworks */,
			);
			buildRules = (
			);
			dependencies = (
				7989E12822F26D0E0002B6E3 /* PBXTargetDependency */,
			);
			name = GitHubClientSwiftTests;
			productName = GitHubClientSwiftTests;
			productReference = 7989E12622F26D0E0002B6E3 /* GitHubClientSwiftTests.xctest */;
			productType = "com.apple.product-type.bundle.unit-test";
		};
		7989E13022F26D0E0002B6E3 /* GitHubClientSwiftUITests */ = {
			isa = PBXNativeTarget;
			buildConfigurationList = 7989E14022F26D0E0002B6E3 /* Build configuration list for PBXNativeTarget "GitHubClientSwiftUITests" */;
			buildPhases = (
				6F2C6F43F2933FF9FAC26688 /* [CP] Check Pods Manifest.lock */,
				7989E12D22F26D0E0002B6E3 /* Sources */,
				7989E12E22F26D0E0002B6E3 /* Frameworks */,
				7989E12F22F26D0E0002B6E3 /* Resources */,
			);
			buildRules = (
			);
			dependencies = (
				7989E13322F26D0E0002B6E3 /* PBXTargetDependency */,
			);
			name = GitHubClientSwiftUITests;
			productName = GitHubClientSwiftUITests;
			productReference = 7989E13122F26D0E0002B6E3 /* GitHubClientSwiftUITests.xctest */;
			productType = "com.apple.product-type.bundle.ui-testing";
		};
/* End PBXNativeTarget section */

/* Begin PBXProject section */
		7989E10A22F26D0C0002B6E3 /* Project object */ = {
			isa = PBXProject;
			attributes = {
				LastSwiftUpdateCheck = 1020;
				LastUpgradeCheck = 1020;
				ORGANIZATIONNAME = "Cherubini Sperotto";
				TargetAttributes = {
					7989E11122F26D0C0002B6E3 = {
						CreatedOnToolsVersion = 10.2.1;
					};
					7989E12522F26D0E0002B6E3 = {
						CreatedOnToolsVersion = 10.2.1;
						TestTargetID = 7989E11122F26D0C0002B6E3;
					};
					7989E13022F26D0E0002B6E3 = {
						CreatedOnToolsVersion = 10.2.1;
						TestTargetID = 7989E11122F26D0C0002B6E3;
					};
				};
			};
			buildConfigurationList = 7989E10D22F26D0C0002B6E3 /* Build configuration list for PBXProject "GitHubClientSwift" */;
			compatibilityVersion = "Xcode 9.3";
			developmentRegion = en;
			hasScannedForEncodings = 0;
			knownRegions = (
				en,
				Base,
			);
			mainGroup = 7989E10922F26D0C0002B6E3;
			productRefGroup = 7989E11322F26D0C0002B6E3 /* Products */;
			projectDirPath = "";
			projectRoot = "";
			targets = (
				7989E11122F26D0C0002B6E3 /* GitHubClientSwift */,
				7989E12522F26D0E0002B6E3 /* GitHubClientSwiftTests */,
				7989E13022F26D0E0002B6E3 /* GitHubClientSwiftUITests */,
			);
		};
/* End PBXProject section */

/* Begin PBXResourcesBuildPhase section */
		7989E11022F26D0C0002B6E3 /* Resources */ = {
			isa = PBXResourcesBuildPhase;
			buildActionMask = 2147483647;
			files = (
				7989E12022F26D0D0002B6E3 /* LaunchScreen.storyboard in Resources */,
				7989E11D22F26D0D0002B6E3 /* Assets.xcassets in Resources */,
				62D8ABFA22FA7B81000A5CDE /* HomeView.xib in Resources */,
			);
			runOnlyForDeploymentPostprocessing = 0;
		};
		7989E12422F26D0E0002B6E3 /* Resources */ = {
			isa = PBXResourcesBuildPhase;
			buildActionMask = 2147483647;
			files = (
			);
			runOnlyForDeploymentPostprocessing = 0;
		};
		7989E12F22F26D0E0002B6E3 /* Resources */ = {
			isa = PBXResourcesBuildPhase;
			buildActionMask = 2147483647;
			files = (
			);
			runOnlyForDeploymentPostprocessing = 0;
		};
/* End PBXResourcesBuildPhase section */

/* Begin PBXShellScriptBuildPhase section */
		29A4275EAAAF0ADC633D0A84 /* [CP] Check Pods Manifest.lock */ = {
			isa = PBXShellScriptBuildPhase;
			buildActionMask = 2147483647;
			files = (
			);
			inputFileListPaths = (
			);
			inputPaths = (
				"${PODS_PODFILE_DIR_PATH}/Podfile.lock",
				"${PODS_ROOT}/Manifest.lock",
			);
			name = "[CP] Check Pods Manifest.lock";
			outputFileListPaths = (
			);
			outputPaths = (
				"$(DERIVED_FILE_DIR)/Pods-GitHubClientSwift-checkManifestLockResult.txt",
			);
			runOnlyForDeploymentPostprocessing = 0;
			shellPath = /bin/sh;
			shellScript = "diff \"${PODS_PODFILE_DIR_PATH}/Podfile.lock\" \"${PODS_ROOT}/Manifest.lock\" > /dev/null\nif [ $? != 0 ] ; then\n    # print error to STDERR\n    echo \"error: The sandbox is not in sync with the Podfile.lock. Run 'pod install' or update your CocoaPods installation.\" >&2\n    exit 1\nfi\n# This output is used by Xcode 'outputs' to avoid re-running this script phase.\necho \"SUCCESS\" > \"${SCRIPT_OUTPUT_FILE_0}\"\n";
			showEnvVarsInLog = 0;
		};
		50A8C0B3E8638F26114CA99B /* [CP] Embed Pods Frameworks */ = {
			isa = PBXShellScriptBuildPhase;
			buildActionMask = 2147483647;
			files = (
			);
			inputFileListPaths = (
				"${PODS_ROOT}/Target Support Files/Pods-GitHubClientSwiftTests/Pods-GitHubClientSwiftTests-frameworks-${CONFIGURATION}-input-files.xcfilelist",
			);
			name = "[CP] Embed Pods Frameworks";
			outputFileListPaths = (
				"${PODS_ROOT}/Target Support Files/Pods-GitHubClientSwiftTests/Pods-GitHubClientSwiftTests-frameworks-${CONFIGURATION}-output-files.xcfilelist",
			);
			runOnlyForDeploymentPostprocessing = 0;
			shellPath = /bin/sh;
			shellScript = "\"${PODS_ROOT}/Target Support Files/Pods-GitHubClientSwiftTests/Pods-GitHubClientSwiftTests-frameworks.sh\"\n";
			showEnvVarsInLog = 0;
		};
		6E07749C6FE10A32838F62DF /* [CP] Check Pods Manifest.lock */ = {
			isa = PBXShellScriptBuildPhase;
			buildActionMask = 2147483647;
			files = (
			);
			inputFileListPaths = (
			);
			inputPaths = (
				"${PODS_PODFILE_DIR_PATH}/Podfile.lock",
				"${PODS_ROOT}/Manifest.lock",
			);
			name = "[CP] Check Pods Manifest.lock";
			outputFileListPaths = (
			);
			outputPaths = (
				"$(DERIVED_FILE_DIR)/Pods-GitHubClientSwiftTests-checkManifestLockResult.txt",
			);
			runOnlyForDeploymentPostprocessing = 0;
			shellPath = /bin/sh;
			shellScript = "diff \"${PODS_PODFILE_DIR_PATH}/Podfile.lock\" \"${PODS_ROOT}/Manifest.lock\" > /dev/null\nif [ $? != 0 ] ; then\n    # print error to STDERR\n    echo \"error: The sandbox is not in sync with the Podfile.lock. Run 'pod install' or update your CocoaPods installation.\" >&2\n    exit 1\nfi\n# This output is used by Xcode 'outputs' to avoid re-running this script phase.\necho \"SUCCESS\" > \"${SCRIPT_OUTPUT_FILE_0}\"\n";
			showEnvVarsInLog = 0;
		};
		6F2C6F43F2933FF9FAC26688 /* [CP] Check Pods Manifest.lock */ = {
			isa = PBXShellScriptBuildPhase;
			buildActionMask = 2147483647;
			files = (
			);
			inputFileListPaths = (
			);
			inputPaths = (
				"${PODS_PODFILE_DIR_PATH}/Podfile.lock",
				"${PODS_ROOT}/Manifest.lock",
			);
			name = "[CP] Check Pods Manifest.lock";
			outputFileListPaths = (
			);
			outputPaths = (
				"$(DERIVED_FILE_DIR)/Pods-GitHubClientSwiftUITests-checkManifestLockResult.txt",
			);
			runOnlyForDeploymentPostprocessing = 0;
			shellPath = /bin/sh;
			shellScript = "diff \"${PODS_PODFILE_DIR_PATH}/Podfile.lock\" \"${PODS_ROOT}/Manifest.lock\" > /dev/null\nif [ $? != 0 ] ; then\n    # print error to STDERR\n    echo \"error: The sandbox is not in sync with the Podfile.lock. Run 'pod install' or update your CocoaPods installation.\" >&2\n    exit 1\nfi\n# This output is used by Xcode 'outputs' to avoid re-running this script phase.\necho \"SUCCESS\" > \"${SCRIPT_OUTPUT_FILE_0}\"\n";
			showEnvVarsInLog = 0;
		};
		B0261A8568F6E6848780EB55 /* [CP] Embed Pods Frameworks */ = {
			isa = PBXShellScriptBuildPhase;
			buildActionMask = 2147483647;
			files = (
			);
			inputFileListPaths = (
				"${PODS_ROOT}/Target Support Files/Pods-GitHubClientSwift/Pods-GitHubClientSwift-frameworks-${CONFIGURATION}-input-files.xcfilelist",
			);
			name = "[CP] Embed Pods Frameworks";
			outputFileListPaths = (
				"${PODS_ROOT}/Target Support Files/Pods-GitHubClientSwift/Pods-GitHubClientSwift-frameworks-${CONFIGURATION}-output-files.xcfilelist",
			);
			runOnlyForDeploymentPostprocessing = 0;
			shellPath = /bin/sh;
			shellScript = "\"${PODS_ROOT}/Target Support Files/Pods-GitHubClientSwift/Pods-GitHubClientSwift-frameworks.sh\"\n";
			showEnvVarsInLog = 0;
		};
/* End PBXShellScriptBuildPhase section */

/* Begin PBXSourcesBuildPhase section */
		7989E10E22F26D0C0002B6E3 /* Sources */ = {
			isa = PBXSourcesBuildPhase;
			buildActionMask = 2147483647;
			files = (
				7907109822F26FDF009B6931 /* AppCoordinator.swift in Sources */,
				7989E11822F26D0C0002B6E3 /* HomeViewController.swift in Sources */,
				62A2B06222F27226005B5DD6 /* Coordinator.swift in Sources */,
				7989E11622F26D0C0002B6E3 /* AppDelegate.swift in Sources */,
				7907109A22F27007009B6931 /* FetchRepositoriesCoordinator.swift in Sources */,
			);
			runOnlyForDeploymentPostprocessing = 0;
		};
		7989E12222F26D0E0002B6E3 /* Sources */ = {
			isa = PBXSourcesBuildPhase;
			buildActionMask = 2147483647;
			files = (
				790B52C322FA8824009E901D /* UINavigationControllerMock.swift in Sources */,
				790B52C522FA88B7009E901D /* AppCoordinatorTest.swift in Sources */,
				790B52C122FA8212009E901D /* FetchRepositoriesTest.swift in Sources */,
			);
			runOnlyForDeploymentPostprocessing = 0;
		};
		7989E12D22F26D0E0002B6E3 /* Sources */ = {
			isa = PBXSourcesBuildPhase;
			buildActionMask = 2147483647;
			files = (
				7989E13622F26D0E0002B6E3 /* GitHubClientSwiftUITests.swift in Sources */,
			);
			runOnlyForDeploymentPostprocessing = 0;
		};
/* End PBXSourcesBuildPhase section */

/* Begin PBXTargetDependency section */
		7989E12822F26D0E0002B6E3 /* PBXTargetDependency */ = {
			isa = PBXTargetDependency;
			target = 7989E11122F26D0C0002B6E3 /* GitHubClientSwift */;
			targetProxy = 7989E12722F26D0E0002B6E3 /* PBXContainerItemProxy */;
		};
		7989E13322F26D0E0002B6E3 /* PBXTargetDependency */ = {
			isa = PBXTargetDependency;
			target = 7989E11122F26D0C0002B6E3 /* GitHubClientSwift */;
			targetProxy = 7989E13222F26D0E0002B6E3 /* PBXContainerItemProxy */;
		};
/* End PBXTargetDependency section */

/* Begin PBXVariantGroup section */
		7989E11E22F26D0D0002B6E3 /* LaunchScreen.storyboard */ = {
			isa = PBXVariantGroup;
			children = (
				7989E11F22F26D0D0002B6E3 /* Base */,
			);
			name = LaunchScreen.storyboard;
			sourceTree = "<group>";
		};
/* End PBXVariantGroup section */

/* Begin XCBuildConfiguration section */
		7989E13822F26D0E0002B6E3 /* Debug */ = {
			isa = XCBuildConfiguration;
			buildSettings = {
				ALWAYS_SEARCH_USER_PATHS = NO;
				CLANG_ANALYZER_NONNULL = YES;
				CLANG_ANALYZER_NUMBER_OBJECT_CONVERSION = YES_AGGRESSIVE;
				CLANG_CXX_LANGUAGE_STANDARD = "gnu++14";
				CLANG_CXX_LIBRARY = "libc++";
				CLANG_ENABLE_MODULES = YES;
				CLANG_ENABLE_OBJC_ARC = YES;
				CLANG_ENABLE_OBJC_WEAK = YES;
				CLANG_WARN_BLOCK_CAPTURE_AUTORELEASING = YES;
				CLANG_WARN_BOOL_CONVERSION = YES;
				CLANG_WARN_COMMA = YES;
				CLANG_WARN_CONSTANT_CONVERSION = YES;
				CLANG_WARN_DEPRECATED_OBJC_IMPLEMENTATIONS = YES;
				CLANG_WARN_DIRECT_OBJC_ISA_USAGE = YES_ERROR;
				CLANG_WARN_DOCUMENTATION_COMMENTS = YES;
				CLANG_WARN_EMPTY_BODY = YES;
				CLANG_WARN_ENUM_CONVERSION = YES;
				CLANG_WARN_INFINITE_RECURSION = YES;
				CLANG_WARN_INT_CONVERSION = YES;
				CLANG_WARN_NON_LITERAL_NULL_CONVERSION = YES;
				CLANG_WARN_OBJC_IMPLICIT_RETAIN_SELF = YES;
				CLANG_WARN_OBJC_LITERAL_CONVERSION = YES;
				CLANG_WARN_OBJC_ROOT_CLASS = YES_ERROR;
				CLANG_WARN_RANGE_LOOP_ANALYSIS = YES;
				CLANG_WARN_STRICT_PROTOTYPES = YES;
				CLANG_WARN_SUSPICIOUS_MOVE = YES;
				CLANG_WARN_UNGUARDED_AVAILABILITY = YES_AGGRESSIVE;
				CLANG_WARN_UNREACHABLE_CODE = YES;
				CLANG_WARN__DUPLICATE_METHOD_MATCH = YES;
				CODE_SIGN_IDENTITY = "iPhone Developer";
				COPY_PHASE_STRIP = NO;
				DEBUG_INFORMATION_FORMAT = dwarf;
				ENABLE_STRICT_OBJC_MSGSEND = YES;
				ENABLE_TESTABILITY = YES;
				GCC_C_LANGUAGE_STANDARD = gnu11;
				GCC_DYNAMIC_NO_PIC = NO;
				GCC_NO_COMMON_BLOCKS = YES;
				GCC_OPTIMIZATION_LEVEL = 0;
				GCC_PREPROCESSOR_DEFINITIONS = (
					"DEBUG=1",
					"$(inherited)",
				);
				GCC_WARN_64_TO_32_BIT_CONVERSION = YES;
				GCC_WARN_ABOUT_RETURN_TYPE = YES_ERROR;
				GCC_WARN_UNDECLARED_SELECTOR = YES;
				GCC_WARN_UNINITIALIZED_AUTOS = YES_AGGRESSIVE;
				GCC_WARN_UNUSED_FUNCTION = YES;
				GCC_WARN_UNUSED_VARIABLE = YES;
				IPHONEOS_DEPLOYMENT_TARGET = 12.2;
				MTL_ENABLE_DEBUG_INFO = INCLUDE_SOURCE;
				MTL_FAST_MATH = YES;
				ONLY_ACTIVE_ARCH = YES;
				SDKROOT = iphoneos;
				SWIFT_ACTIVE_COMPILATION_CONDITIONS = DEBUG;
				SWIFT_OPTIMIZATION_LEVEL = "-Onone";
			};
			name = Debug;
		};
		7989E13922F26D0E0002B6E3 /* Release */ = {
			isa = XCBuildConfiguration;
			buildSettings = {
				ALWAYS_SEARCH_USER_PATHS = NO;
				CLANG_ANALYZER_NONNULL = YES;
				CLANG_ANALYZER_NUMBER_OBJECT_CONVERSION = YES_AGGRESSIVE;
				CLANG_CXX_LANGUAGE_STANDARD = "gnu++14";
				CLANG_CXX_LIBRARY = "libc++";
				CLANG_ENABLE_MODULES = YES;
				CLANG_ENABLE_OBJC_ARC = YES;
				CLANG_ENABLE_OBJC_WEAK = YES;
				CLANG_WARN_BLOCK_CAPTURE_AUTORELEASING = YES;
				CLANG_WARN_BOOL_CONVERSION = YES;
				CLANG_WARN_COMMA = YES;
				CLANG_WARN_CONSTANT_CONVERSION = YES;
				CLANG_WARN_DEPRECATED_OBJC_IMPLEMENTATIONS = YES;
				CLANG_WARN_DIRECT_OBJC_ISA_USAGE = YES_ERROR;
				CLANG_WARN_DOCUMENTATION_COMMENTS = YES;
				CLANG_WARN_EMPTY_BODY = YES;
				CLANG_WARN_ENUM_CONVERSION = YES;
				CLANG_WARN_INFINITE_RECURSION = YES;
				CLANG_WARN_INT_CONVERSION = YES;
				CLANG_WARN_NON_LITERAL_NULL_CONVERSION = YES;
				CLANG_WARN_OBJC_IMPLICIT_RETAIN_SELF = YES;
				CLANG_WARN_OBJC_LITERAL_CONVERSION = YES;
				CLANG_WARN_OBJC_ROOT_CLASS = YES_ERROR;
				CLANG_WARN_RANGE_LOOP_ANALYSIS = YES;
				CLANG_WARN_STRICT_PROTOTYPES = YES;
				CLANG_WARN_SUSPICIOUS_MOVE = YES;
				CLANG_WARN_UNGUARDED_AVAILABILITY = YES_AGGRESSIVE;
				CLANG_WARN_UNREACHABLE_CODE = YES;
				CLANG_WARN__DUPLICATE_METHOD_MATCH = YES;
				CODE_SIGN_IDENTITY = "iPhone Developer";
				COPY_PHASE_STRIP = NO;
				DEBUG_INFORMATION_FORMAT = "dwarf-with-dsym";
				ENABLE_NS_ASSERTIONS = NO;
				ENABLE_STRICT_OBJC_MSGSEND = YES;
				GCC_C_LANGUAGE_STANDARD = gnu11;
				GCC_NO_COMMON_BLOCKS = YES;
				GCC_WARN_64_TO_32_BIT_CONVERSION = YES;
				GCC_WARN_ABOUT_RETURN_TYPE = YES_ERROR;
				GCC_WARN_UNDECLARED_SELECTOR = YES;
				GCC_WARN_UNINITIALIZED_AUTOS = YES_AGGRESSIVE;
				GCC_WARN_UNUSED_FUNCTION = YES;
				GCC_WARN_UNUSED_VARIABLE = YES;
				IPHONEOS_DEPLOYMENT_TARGET = 12.2;
				MTL_ENABLE_DEBUG_INFO = NO;
				MTL_FAST_MATH = YES;
				SDKROOT = iphoneos;
				SWIFT_COMPILATION_MODE = wholemodule;
				SWIFT_OPTIMIZATION_LEVEL = "-O";
				VALIDATE_PRODUCT = YES;
			};
			name = Release;
		};
		7989E13B22F26D0E0002B6E3 /* Debug */ = {
			isa = XCBuildConfiguration;
			baseConfigurationReference = 433B4069B74B86CDF8C357C4 /* Pods-GitHubClientSwift.debug.xcconfig */;
			buildSettings = {
				ASSETCATALOG_COMPILER_APPICON_NAME = AppIcon;
				CODE_SIGN_STYLE = Automatic;
				DEVELOPMENT_TEAM = B8YNC4MN9Y;
				INFOPLIST_FILE = GitHubClientSwift/Info.plist;
				LD_RUNPATH_SEARCH_PATHS = (
					"$(inherited)",
					"@executable_path/Frameworks",
				);
				PRODUCT_BUNDLE_IDENTIFIER = com.gcherubini.fabriciosffair.GitHubClientSwift;
				PRODUCT_NAME = "$(TARGET_NAME)";
				SWIFT_VERSION = 5.0;
				TARGETED_DEVICE_FAMILY = "1,2";
			};
			name = Debug;
		};
		7989E13C22F26D0E0002B6E3 /* Release */ = {
			isa = XCBuildConfiguration;
			baseConfigurationReference = 0A074E135A4C29D254C56802 /* Pods-GitHubClientSwift.release.xcconfig */;
			buildSettings = {
				ASSETCATALOG_COMPILER_APPICON_NAME = AppIcon;
				CODE_SIGN_STYLE = Automatic;
				DEVELOPMENT_TEAM = B8YNC4MN9Y;
				INFOPLIST_FILE = GitHubClientSwift/Info.plist;
				LD_RUNPATH_SEARCH_PATHS = (
					"$(inherited)",
					"@executable_path/Frameworks",
				);
				PRODUCT_BUNDLE_IDENTIFIER = com.gcherubini.fabriciosffair.GitHubClientSwift;
				PRODUCT_NAME = "$(TARGET_NAME)";
				SWIFT_VERSION = 5.0;
				TARGETED_DEVICE_FAMILY = "1,2";
			};
			name = Release;
		};
		7989E13E22F26D0E0002B6E3 /* Debug */ = {
			isa = XCBuildConfiguration;
			baseConfigurationReference = E75D6D59406B72A8B748C524 /* Pods-GitHubClientSwiftTests.debug.xcconfig */;
			buildSettings = {
				ALWAYS_EMBED_SWIFT_STANDARD_LIBRARIES = YES;
				BUNDLE_LOADER = "$(TEST_HOST)";
				CODE_SIGN_STYLE = Automatic;
				DEVELOPMENT_TEAM = B8YNC4MN9Y;
				INFOPLIST_FILE = GitHubClientSwiftTests/Info.plist;
				LD_RUNPATH_SEARCH_PATHS = (
					"$(inherited)",
					"@executable_path/Frameworks",
					"@loader_path/Frameworks",
				);
				PRODUCT_BUNDLE_IDENTIFIER = com.gcherubini.fabriciosffair.GitHubClientSwiftTests;
				PRODUCT_NAME = "$(TARGET_NAME)";
				SWIFT_VERSION = 5.0;
				TARGETED_DEVICE_FAMILY = "1,2";
				TEST_HOST = "$(BUILT_PRODUCTS_DIR)/GitHubClientSwift.app/GitHubClientSwift";
			};
			name = Debug;
		};
		7989E13F22F26D0E0002B6E3 /* Release */ = {
			isa = XCBuildConfiguration;
			baseConfigurationReference = 1A6E372D9470F0967BE7C5FC /* Pods-GitHubClientSwiftTests.release.xcconfig */;
			buildSettings = {
				ALWAYS_EMBED_SWIFT_STANDARD_LIBRARIES = YES;
				BUNDLE_LOADER = "$(TEST_HOST)";
				CODE_SIGN_STYLE = Automatic;
				DEVELOPMENT_TEAM = B8YNC4MN9Y;
				INFOPLIST_FILE = GitHubClientSwiftTests/Info.plist;
				LD_RUNPATH_SEARCH_PATHS = (
					"$(inherited)",
					"@executable_path/Frameworks",
					"@loader_path/Frameworks",
				);
				PRODUCT_BUNDLE_IDENTIFIER = com.gcherubini.fabriciosffair.GitHubClientSwiftTests;
				PRODUCT_NAME = "$(TARGET_NAME)";
				SWIFT_VERSION = 5.0;
				TARGETED_DEVICE_FAMILY = "1,2";
				TEST_HOST = "$(BUILT_PRODUCTS_DIR)/GitHubClientSwift.app/GitHubClientSwift";
			};
			name = Release;
		};
		7989E14122F26D0E0002B6E3 /* Debug */ = {
			isa = XCBuildConfiguration;
			baseConfigurationReference = B2E36A3F43691C87949D7502 /* Pods-GitHubClientSwiftUITests.debug.xcconfig */;
			buildSettings = {
				ALWAYS_EMBED_SWIFT_STANDARD_LIBRARIES = YES;
				CODE_SIGN_STYLE = Automatic;
				DEVELOPMENT_TEAM = B8YNC4MN9Y;
				INFOPLIST_FILE = GitHubClientSwiftUITests/Info.plist;
				LD_RUNPATH_SEARCH_PATHS = (
					"$(inherited)",
					"@executable_path/Frameworks",
					"@loader_path/Frameworks",
				);
				PRODUCT_BUNDLE_IDENTIFIER = com.gcherubini.fabriciosffair.GitHubClientSwiftUITests;
				PRODUCT_NAME = "$(TARGET_NAME)";
				SWIFT_VERSION = 5.0;
				TARGETED_DEVICE_FAMILY = "1,2";
				TEST_TARGET_NAME = GitHubClientSwift;
			};
			name = Debug;
		};
		7989E14222F26D0E0002B6E3 /* Release */ = {
			isa = XCBuildConfiguration;
			baseConfigurationReference = E97E1E45B97F559EA302E0A4 /* Pods-GitHubClientSwiftUITests.release.xcconfig */;
			buildSettings = {
				ALWAYS_EMBED_SWIFT_STANDARD_LIBRARIES = YES;
				CODE_SIGN_STYLE = Automatic;
				DEVELOPMENT_TEAM = B8YNC4MN9Y;
				INFOPLIST_FILE = GitHubClientSwiftUITests/Info.plist;
				LD_RUNPATH_SEARCH_PATHS = (
					"$(inherited)",
					"@executable_path/Frameworks",
					"@loader_path/Frameworks",
				);
				PRODUCT_BUNDLE_IDENTIFIER = com.gcherubini.fabriciosffair.GitHubClientSwiftUITests;
				PRODUCT_NAME = "$(TARGET_NAME)";
				SWIFT_VERSION = 5.0;
				TARGETED_DEVICE_FAMILY = "1,2";
				TEST_TARGET_NAME = GitHubClientSwift;
			};
			name = Release;
		};
/* End XCBuildConfiguration section */

/* Begin XCConfigurationList section */
		7989E10D22F26D0C0002B6E3 /* Build configuration list for PBXProject "GitHubClientSwift" */ = {
			isa = XCConfigurationList;
			buildConfigurations = (
				7989E13822F26D0E0002B6E3 /* Debug */,
				7989E13922F26D0E0002B6E3 /* Release */,
			);
			defaultConfigurationIsVisible = 0;
			defaultConfigurationName = Release;
		};
		7989E13A22F26D0E0002B6E3 /* Build configuration list for PBXNativeTarget "GitHubClientSwift" */ = {
			isa = XCConfigurationList;
			buildConfigurations = (
				7989E13B22F26D0E0002B6E3 /* Debug */,
				7989E13C22F26D0E0002B6E3 /* Release */,
			);
			defaultConfigurationIsVisible = 0;
			defaultConfigurationName = Release;
		};
		7989E13D22F26D0E0002B6E3 /* Build configuration list for PBXNativeTarget "GitHubClientSwiftTests" */ = {
			isa = XCConfigurationList;
			buildConfigurations = (
				7989E13E22F26D0E0002B6E3 /* Debug */,
				7989E13F22F26D0E0002B6E3 /* Release */,
			);
			defaultConfigurationIsVisible = 0;
			defaultConfigurationName = Release;
		};
		7989E14022F26D0E0002B6E3 /* Build configuration list for PBXNativeTarget "GitHubClientSwiftUITests" */ = {
			isa = XCConfigurationList;
			buildConfigurations = (
				7989E14122F26D0E0002B6E3 /* Debug */,
				7989E14222F26D0E0002B6E3 /* Release */,
			);
			defaultConfigurationIsVisible = 0;
			defaultConfigurationName = Release;
		};
/* End XCConfigurationList section */
	};
	rootObject = 7989E10A22F26D0C0002B6E3 /* Project object */;
}
